
Microsoft Visual Studio Solution File, Format Version 12.00
# Visual Studio Version 17
VisualStudioVersion = 17.9.34714.143
MinimumVisualStudioVersion = 10.0.40219.1
Project("{9A19103F-16F7-4668-BE54-9A1E7A4F7556}") = "Afisha.Web", "src\Afisha.Web\Afisha.Web.csproj", "{7ED9CBEA-1A62-42FE-AFDF-9B0BFCEB394C}"
EndProject
Project("{FAE04EC0-301F-11D3-BF4B-00C04F79EFBC}") = "Afisha.Domain", "src\Afisha.Domain\Afisha.Domain.csproj", "{F319BEE1-409B-4761-A9CD-1C7D35554495}"
EndProject
Project("{FAE04EC0-301F-11D3-BF4B-00C04F79EFBC}") = "Afisha.Application", "src\Afisha.Application\Afisha.Application.csproj", "{C3D1EF7E-6B4E-4802-ACA8-E657FE9336CF}"
EndProject
Project("{FAE04EC0-301F-11D3-BF4B-00C04F79EFBC}") = "Afisha.Infrastructure", "src\Afisha.Infrastructure\Afisha.Infrastructure.csproj", "{52205B14-59CD-4E43-98FD-7AA454F6D8D0}"
EndProject
Project("{FAE04EC0-301F-11D3-BF4B-00C04F79EFBC}") = "Afisha.NotificationService", "src\Afisha.NotificationService\Afisha.NotificationService.csproj", "{2CD9B777-6D16-4152-A6D7-7024CEFF1EE2}"
EndProject
Project("{FAE04EC0-301F-11D3-BF4B-00C04F79EFBC}") = "RabbitMQModels", "src\RabbitMQModels\RabbitMQModels.csproj", "{6448D3A8-6A23-4822-A31E-38822E9907A6}"
EndProject
Project("{2150E333-8FDC-42A3-9474-1A3956D46DE8}") = "Solution Items", "Solution Items", "{B354E594-C7A0-4D74-8102-E3C850314150}"
	ProjectSection(SolutionItems) = preProject
		docker-compose.yml = docker-compose.yml
	EndProjectSection
EndProject
Project("{FAE04EC0-301F-11D3-BF4B-00C04F79EFBC}") = "Afisha.Tests", "Afisha.Tests\Afisha.Tests.csproj", "{8688F44E-8341-4542-9039-4F37666D8336}"
EndProject
Global
	GlobalSection(SolutionConfigurationPlatforms) = preSolution
		Debug|Any CPU = Debug|Any CPU
		Release|Any CPU = Release|Any CPU
	EndGlobalSection
	GlobalSection(ProjectConfigurationPlatforms) = postSolution
		{7ED9CBEA-1A62-42FE-AFDF-9B0BFCEB394C}.Debug|Any CPU.ActiveCfg = Debug|Any CPU
		{7ED9CBEA-1A62-42FE-AFDF-9B0BFCEB394C}.Debug|Any CPU.Build.0 = Debug|Any CPU
		{7ED9CBEA-1A62-42FE-AFDF-9B0BFCEB394C}.Release|Any CPU.ActiveCfg = Release|Any CPU
		{7ED9CBEA-1A62-42FE-AFDF-9B0BFCEB394C}.Release|Any CPU.Build.0 = Release|Any CPU
		{F319BEE1-409B-4761-A9CD-1C7D35554495}.Debug|Any CPU.ActiveCfg = Debug|Any CPU
		{F319BEE1-409B-4761-A9CD-1C7D35554495}.Debug|Any CPU.Build.0 = Debug|Any CPU
		{F319BEE1-409B-4761-A9CD-1C7D35554495}.Release|Any CPU.ActiveCfg = Release|Any CPU
		{F319BEE1-409B-4761-A9CD-1C7D35554495}.Release|Any CPU.Build.0 = Release|Any CPU
		{C3D1EF7E-6B4E-4802-ACA8-E657FE9336CF}.Debug|Any CPU.ActiveCfg = Debug|Any CPU
		{C3D1EF7E-6B4E-4802-ACA8-E657FE9336CF}.Debug|Any CPU.Build.0 = Debug|Any CPU
		{C3D1EF7E-6B4E-4802-ACA8-E657FE9336CF}.Release|Any CPU.ActiveCfg = Release|Any CPU
		{C3D1EF7E-6B4E-4802-ACA8-E657FE9336CF}.Release|Any CPU.Build.0 = Release|Any CPU
		{52205B14-59CD-4E43-98FD-7AA454F6D8D0}.Debug|Any CPU.ActiveCfg = Debug|Any CPU
		{52205B14-59CD-4E43-98FD-7AA454F6D8D0}.Debug|Any CPU.Build.0 = Debug|Any CPU
		{52205B14-59CD-4E43-98FD-7AA454F6D8D0}.Release|Any CPU.ActiveCfg = Release|Any CPU
		{52205B14-59CD-4E43-98FD-7AA454F6D8D0}.Release|Any CPU.Build.0 = Release|Any CPU
		{2CD9B777-6D16-4152-A6D7-7024CEFF1EE2}.Debug|Any CPU.ActiveCfg = Debug|Any CPU
		{2CD9B777-6D16-4152-A6D7-7024CEFF1EE2}.Debug|Any CPU.Build.0 = Debug|Any CPU
		{2CD9B777-6D16-4152-A6D7-7024CEFF1EE2}.Release|Any CPU.ActiveCfg = Release|Any CPU
		{2CD9B777-6D16-4152-A6D7-7024CEFF1EE2}.Release|Any CPU.Build.0 = Release|Any CPU
		{6448D3A8-6A23-4822-A31E-38822E9907A6}.Debug|Any CPU.ActiveCfg = Debug|Any CPU
		{6448D3A8-6A23-4822-A31E-38822E9907A6}.Debug|Any CPU.Build.0 = Debug|Any CPU
		{6448D3A8-6A23-4822-A31E-38822E9907A6}.Release|Any CPU.ActiveCfg = Release|Any CPU
		{6448D3A8-6A23-4822-A31E-38822E9907A6}.Release|Any CPU.Build.0 = Release|Any CPU
		{8688F44E-8341-4542-9039-4F37666D8336}.Debug|Any CPU.ActiveCfg = Debug|Any CPU
		{8688F44E-8341-4542-9039-4F37666D8336}.Debug|Any CPU.Build.0 = Debug|Any CPU
		{8688F44E-8341-4542-9039-4F37666D8336}.Release|Any CPU.ActiveCfg = Release|Any CPU
		{8688F44E-8341-4542-9039-4F37666D8336}.Release|Any CPU.Build.0 = Release|Any CPU
	EndGlobalSection
	GlobalSection(SolutionProperties) = preSolution
		HideSolutionNode = FALSE
	EndGlobalSection
	GlobalSection(ExtensibilityGlobals) = postSolution
		SolutionGuid = {FCE2BA3F-B929-42FF-80BD-5AB637027531}
	EndGlobalSection
EndGlobal
